// !$*UTF8*$!
{
	archiveVersion = 1;
	classes = {
	};
	objectVersion = 55;
	objects = {

/* Begin PBXBuildFile section */
		D114B17727E30DEE00D671E3 /* Toy_RobotApp.swift in Sources */ = {isa = PBXBuildFile; fileRef = D114B17627E30DEE00D671E3 /* Toy_RobotApp.swift */; };
		D114B17927E30DEE00D671E3 /* ToyRobotView.swift in Sources */ = {isa = PBXBuildFile; fileRef = D114B17827E30DEE00D671E3 /* ToyRobotView.swift */; };
		D114B17B27E30DF200D671E3 /* Assets.xcassets in Resources */ = {isa = PBXBuildFile; fileRef = D114B17A27E30DF200D671E3 /* Assets.xcassets */; };
		D114B18927E30DF200D671E3 /* AngleTests.swift in Sources */ = {isa = PBXBuildFile; fileRef = D114B18827E30DF200D671E3 /* AngleTests.swift */; };
		D114B1A327E30ECB00D671E3 /* TableTopGridView.swift in Sources */ = {isa = PBXBuildFile; fileRef = D114B1A227E30ECB00D671E3 /* TableTopGridView.swift */; };
		D114B1A527E3131600D671E3 /* RobotView.swift in Sources */ = {isa = PBXBuildFile; fileRef = D114B1A427E3131600D671E3 /* RobotView.swift */; };
		D114B1A727E31E5200D671E3 /* PlaceControlsView.swift in Sources */ = {isa = PBXBuildFile; fileRef = D114B1A627E31E5200D671E3 /* PlaceControlsView.swift */; };
		D114B1AA27E31FC500D671E3 /* RobotDirection.swift in Sources */ = {isa = PBXBuildFile; fileRef = D114B1A927E31FC500D671E3 /* RobotDirection.swift */; };
		D114B1AC27E3224D00D671E3 /* MoveControlsView.swift in Sources */ = {isa = PBXBuildFile; fileRef = D114B1AB27E3224D00D671E3 /* MoveControlsView.swift */; };
		D114B1AF27E32E9F00D671E3 /* RobotController.swift in Sources */ = {isa = PBXBuildFile; fileRef = D114B1AE27E32E9F00D671E3 /* RobotController.swift */; };
		D13253E127E7D3C800C39F23 /* RobotDirectionTests.swift in Sources */ = {isa = PBXBuildFile; fileRef = D13253E027E7D3C800C39F23 /* RobotDirectionTests.swift */; };
		D1D529B127E69EE20015C2C2 /* Constants.swift in Sources */ = {isa = PBXBuildFile; fileRef = D1D529B027E69EE20015C2C2 /* Constants.swift */; };
		D1D529B327E6B0730015C2C2 /* RobotState.swift in Sources */ = {isa = PBXBuildFile; fileRef = D1D529B227E6B0730015C2C2 /* RobotState.swift */; };
		D1D529B627E6C6420015C2C2 /* Angle+Ext.swift in Sources */ = {isa = PBXBuildFile; fileRef = D1D529B527E6C6420015C2C2 /* Angle+Ext.swift */; };
/* End PBXBuildFile section */

/* Begin PBXContainerItemProxy section */
		D114B18527E30DF200D671E3 /* PBXContainerItemProxy */ = {
			isa = PBXContainerItemProxy;
			containerPortal = D114B16B27E30DEE00D671E3 /* Project object */;
			proxyType = 1;
			remoteGlobalIDString = D114B17227E30DEE00D671E3;
			remoteInfo = "Toy Robot";
		};
/* End PBXContainerItemProxy section */

/* Begin PBXFileReference section */
		D114B17327E30DEE00D671E3 /* Toy Robot.app */ = {isa = PBXFileReference; explicitFileType = wrapper.application; includeInIndex = 0; path = "Toy Robot.app"; sourceTree = BUILT_PRODUCTS_DIR; };
		D114B17627E30DEE00D671E3 /* Toy_RobotApp.swift */ = {isa = PBXFileReference; lastKnownFileType = sourcecode.swift; path = Toy_RobotApp.swift; sourceTree = "<group>"; };
		D114B17827E30DEE00D671E3 /* ToyRobotView.swift */ = {isa = PBXFileReference; lastKnownFileType = sourcecode.swift; path = ToyRobotView.swift; sourceTree = "<group>"; };
		D114B17A27E30DF200D671E3 /* Assets.xcassets */ = {isa = PBXFileReference; lastKnownFileType = folder.assetcatalog; path = Assets.xcassets; sourceTree = "<group>"; };
		D114B17F27E30DF200D671E3 /* Toy_Robot.entitlements */ = {isa = PBXFileReference; lastKnownFileType = text.plist.entitlements; path = Toy_Robot.entitlements; sourceTree = "<group>"; };
		D114B18427E30DF200D671E3 /* Toy RobotTests.xctest */ = {isa = PBXFileReference; explicitFileType = wrapper.cfbundle; includeInIndex = 0; path = "Toy RobotTests.xctest"; sourceTree = BUILT_PRODUCTS_DIR; };
		D114B18827E30DF200D671E3 /* AngleTests.swift */ = {isa = PBXFileReference; lastKnownFileType = sourcecode.swift; path = AngleTests.swift; sourceTree = "<group>"; };
		D114B1A227E30ECB00D671E3 /* TableTopGridView.swift */ = {isa = PBXFileReference; lastKnownFileType = sourcecode.swift; path = TableTopGridView.swift; sourceTree = "<group>"; };
		D114B1A427E3131600D671E3 /* RobotView.swift */ = {isa = PBXFileReference; lastKnownFileType = sourcecode.swift; path = RobotView.swift; sourceTree = "<group>"; };
		D114B1A627E31E5200D671E3 /* PlaceControlsView.swift */ = {isa = PBXFileReference; lastKnownFileType = sourcecode.swift; path = PlaceControlsView.swift; sourceTree = "<group>"; };
		D114B1A927E31FC500D671E3 /* RobotDirection.swift */ = {isa = PBXFileReference; lastKnownFileType = sourcecode.swift; path = RobotDirection.swift; sourceTree = "<group>"; };
		D114B1AB27E3224D00D671E3 /* MoveControlsView.swift */ = {isa = PBXFileReference; lastKnownFileType = sourcecode.swift; path = MoveControlsView.swift; sourceTree = "<group>"; };
		D114B1AE27E32E9F00D671E3 /* RobotController.swift */ = {isa = PBXFileReference; lastKnownFileType = sourcecode.swift; path = RobotController.swift; sourceTree = "<group>"; };
		D13253E027E7D3C800C39F23 /* RobotDirectionTests.swift */ = {isa = PBXFileReference; lastKnownFileType = sourcecode.swift; path = RobotDirectionTests.swift; sourceTree = "<group>"; };
		D1D529B027E69EE20015C2C2 /* Constants.swift */ = {isa = PBXFileReference; lastKnownFileType = sourcecode.swift; path = Constants.swift; sourceTree = "<group>"; };
		D1D529B227E6B0730015C2C2 /* RobotState.swift */ = {isa = PBXFileReference; lastKnownFileType = sourcecode.swift; path = RobotState.swift; sourceTree = "<group>"; };
		D1D529B527E6C6420015C2C2 /* Angle+Ext.swift */ = {isa = PBXFileReference; lastKnownFileType = sourcecode.swift; path = "Angle+Ext.swift"; sourceTree = "<group>"; };
/* End PBXFileReference section */

/* Begin PBXFrameworksBuildPhase section */
		D114B17027E30DEE00D671E3 /* Frameworks */ = {
			isa = PBXFrameworksBuildPhase;
			buildActionMask = 2147483647;
			files = (
			);
			runOnlyForDeploymentPostprocessing = 0;
		};
		D114B18127E30DF200D671E3 /* Frameworks */ = {
			isa = PBXFrameworksBuildPhase;
			buildActionMask = 2147483647;
			files = (
			);
			runOnlyForDeploymentPostprocessing = 0;
		};
/* End PBXFrameworksBuildPhase section */

/* Begin PBXGroup section */
		D114B16A27E30DEE00D671E3 = {
			isa = PBXGroup;
			children = (
				D114B17527E30DEE00D671E3 /* Toy Robot */,
				D114B18727E30DF200D671E3 /* Toy RobotTests */,
				D114B17427E30DEE00D671E3 /* Products */,
			);
			sourceTree = "<group>";
		};
		D114B17427E30DEE00D671E3 /* Products */ = {
			isa = PBXGroup;
			children = (
				D114B17327E30DEE00D671E3 /* Toy Robot.app */,
				D114B18427E30DF200D671E3 /* Toy RobotTests.xctest */,
			);
			name = Products;
			sourceTree = "<group>";
		};
		D114B17527E30DEE00D671E3 /* Toy Robot */ = {
			isa = PBXGroup;
			children = (
				D114B17627E30DEE00D671E3 /* Toy_RobotApp.swift */,
				D114B17827E30DEE00D671E3 /* ToyRobotView.swift */,
				D1D529B027E69EE20015C2C2 /* Constants.swift */,
				D1D529B427E6C50E0015C2C2 /* Extensions */,
				D114B1A827E31FB500D671E3 /* Models */,
				D114B1AD27E32E6A00D671E3 /* Controllers */,
				D114B1A127E30EA300D671E3 /* Views */,
				D114B17A27E30DF200D671E3 /* Assets.xcassets */,
				D114B17F27E30DF200D671E3 /* Toy_Robot.entitlements */,
			);
			path = "Toy Robot";
			sourceTree = "<group>";
		};
		D114B18727E30DF200D671E3 /* Toy RobotTests */ = {
			isa = PBXGroup;
			children = (
				D114B18827E30DF200D671E3 /* AngleTests.swift */,
				D13253E027E7D3C800C39F23 /* RobotDirectionTests.swift */,
			);
			path = "Toy RobotTests";
			sourceTree = "<group>";
		};
		D114B1A127E30EA300D671E3 /* Views */ = {
			isa = PBXGroup;
			children = (
				D114B1A227E30ECB00D671E3 /* TableTopGridView.swift */,
				D114B1A427E3131600D671E3 /* RobotView.swift */,
				D114B1A627E31E5200D671E3 /* PlaceControlsView.swift */,
				D114B1AB27E3224D00D671E3 /* MoveControlsView.swift */,
			);
			path = Views;
			sourceTree = "<group>";
		};
		D114B1A827E31FB500D671E3 /* Models */ = {
			isa = PBXGroup;
			children = (
				D114B1A927E31FC500D671E3 /* RobotDirection.swift */,
				D1D529B227E6B0730015C2C2 /* RobotState.swift */,
			);
			path = Models;
			sourceTree = "<group>";
		};
		D114B1AD27E32E6A00D671E3 /* Controllers */ = {
			isa = PBXGroup;
			children = (
				D114B1AE27E32E9F00D671E3 /* RobotController.swift */,
			);
			path = Controllers;
			sourceTree = "<group>";
		};
		D1D529B427E6C50E0015C2C2 /* Extensions */ = {
			isa = PBXGroup;
			children = (
				D1D529B527E6C6420015C2C2 /* Angle+Ext.swift */,
			);
			path = Extensions;
			sourceTree = "<group>";
		};
/* End PBXGroup section */

/* Begin PBXNativeTarget section */
		D114B17227E30DEE00D671E3 /* Toy Robot */ = {
			isa = PBXNativeTarget;
			buildConfigurationList = D114B19827E30DF200D671E3 /* Build configuration list for PBXNativeTarget "Toy Robot" */;
			buildPhases = (
				D114B16F27E30DEE00D671E3 /* Sources */,
				D114B17027E30DEE00D671E3 /* Frameworks */,
				D114B17127E30DEE00D671E3 /* Resources */,
			);
			buildRules = (
			);
			dependencies = (
			);
			name = "Toy Robot";
			productName = "Toy Robot";
			productReference = D114B17327E30DEE00D671E3 /* Toy Robot.app */;
			productType = "com.apple.product-type.application";
		};
		D114B18327E30DF200D671E3 /* Toy RobotTests */ = {
			isa = PBXNativeTarget;
			buildConfigurationList = D114B19B27E30DF200D671E3 /* Build configuration list for PBXNativeTarget "Toy RobotTests" */;
			buildPhases = (
				D114B18027E30DF200D671E3 /* Sources */,
				D114B18127E30DF200D671E3 /* Frameworks */,
				D114B18227E30DF200D671E3 /* Resources */,
			);
			buildRules = (
			);
			dependencies = (
				D114B18627E30DF200D671E3 /* PBXTargetDependency */,
			);
			name = "Toy RobotTests";
			productName = "Toy RobotTests";
			productReference = D114B18427E30DF200D671E3 /* Toy RobotTests.xctest */;
			productType = "com.apple.product-type.bundle.unit-test";
		};
/* End PBXNativeTarget section */

/* Begin PBXProject section */
		D114B16B27E30DEE00D671E3 /* Project object */ = {
			isa = PBXProject;
			attributes = {
				BuildIndependentTargetsInParallel = 1;
				LastSwiftUpdateCheck = 1330;
				LastUpgradeCheck = 1330;
				TargetAttributes = {
					D114B17227E30DEE00D671E3 = {
						CreatedOnToolsVersion = 13.3;
					};
					D114B18327E30DF200D671E3 = {
						CreatedOnToolsVersion = 13.3;
						TestTargetID = D114B17227E30DEE00D671E3;
					};
				};
			};
			buildConfigurationList = D114B16E27E30DEE00D671E3 /* Build configuration list for PBXProject "Toy Robot" */;
			compatibilityVersion = "Xcode 13.0";
			developmentRegion = en;
			hasScannedForEncodings = 0;
			knownRegions = (
				en,
				Base,
			);
			mainGroup = D114B16A27E30DEE00D671E3;
			productRefGroup = D114B17427E30DEE00D671E3 /* Products */;
			projectDirPath = "";
			projectRoot = "";
			targets = (
				D114B17227E30DEE00D671E3 /* Toy Robot */,
				D114B18327E30DF200D671E3 /* Toy RobotTests */,
			);
		};
/* End PBXProject section */

/* Begin PBXResourcesBuildPhase section */
		D114B17127E30DEE00D671E3 /* Resources */ = {
			isa = PBXResourcesBuildPhase;
			buildActionMask = 2147483647;
			files = (
				D114B17B27E30DF200D671E3 /* Assets.xcassets in Resources */,
			);
			runOnlyForDeploymentPostprocessing = 0;
		};
		D114B18227E30DF200D671E3 /* Resources */ = {
			isa = PBXResourcesBuildPhase;
			buildActionMask = 2147483647;
			files = (
			);
			runOnlyForDeploymentPostprocessing = 0;
		};
/* End PBXResourcesBuildPhase section */

/* Begin PBXSourcesBuildPhase section */
		D114B16F27E30DEE00D671E3 /* Sources */ = {
			isa = PBXSourcesBuildPhase;
			buildActionMask = 2147483647;
			files = (
				D114B17927E30DEE00D671E3 /* ToyRobotView.swift in Sources */,
				D114B1A727E31E5200D671E3 /* PlaceControlsView.swift in Sources */,
				D114B1AF27E32E9F00D671E3 /* RobotController.swift in Sources */,
				D114B1AC27E3224D00D671E3 /* MoveControlsView.swift in Sources */,
				D1D529B327E6B0730015C2C2 /* RobotState.swift in Sources */,
				D114B1AA27E31FC500D671E3 /* RobotDirection.swift in Sources */,
				D114B17727E30DEE00D671E3 /* Toy_RobotApp.swift in Sources */,
				D114B1A327E30ECB00D671E3 /* TableTopGridView.swift in Sources */,
				D114B1A527E3131600D671E3 /* RobotView.swift in Sources */,
				D1D529B127E69EE20015C2C2 /* Constants.swift in Sources */,
				D1D529B627E6C6420015C2C2 /* Angle+Ext.swift in Sources */,
			);
			runOnlyForDeploymentPostprocessing = 0;
		};
		D114B18027E30DF200D671E3 /* Sources */ = {
			isa = PBXSourcesBuildPhase;
			buildActionMask = 2147483647;
			files = (
				D13253E127E7D3C800C39F23 /* RobotDirectionTests.swift in Sources */,
				D114B18927E30DF200D671E3 /* AngleTests.swift in Sources */,
			);
			runOnlyForDeploymentPostprocessing = 0;
		};
/* End PBXSourcesBuildPhase section */

/* Begin PBXTargetDependency section */
		D114B18627E30DF200D671E3 /* PBXTargetDependency */ = {
			isa = PBXTargetDependency;
			target = D114B17227E30DEE00D671E3 /* Toy Robot */;
			targetProxy = D114B18527E30DF200D671E3 /* PBXContainerItemProxy */;
		};
/* End PBXTargetDependency section */

/* Begin XCBuildConfiguration section */
		D114B19627E30DF200D671E3 /* Debug */ = {
			isa = XCBuildConfiguration;
			buildSettings = {
				ALWAYS_SEARCH_USER_PATHS = NO;
				CLANG_ANALYZER_NONNULL = YES;
				CLANG_ANALYZER_NUMBER_OBJECT_CONVERSION = YES_AGGRESSIVE;
				CLANG_CXX_LANGUAGE_STANDARD = "gnu++17";
				CLANG_ENABLE_MODULES = YES;
				CLANG_ENABLE_OBJC_ARC = YES;
				CLANG_ENABLE_OBJC_WEAK = YES;
				CLANG_WARN_BLOCK_CAPTURE_AUTORELEASING = YES;
				CLANG_WARN_BOOL_CONVERSION = YES;
				CLANG_WARN_COMMA = YES;
				CLANG_WARN_CONSTANT_CONVERSION = YES;
				CLANG_WARN_DEPRECATED_OBJC_IMPLEMENTATIONS = YES;
				CLANG_WARN_DIRECT_OBJC_ISA_USAGE = YES_ERROR;
				CLANG_WARN_DOCUMENTATION_COMMENTS = YES;
				CLANG_WARN_EMPTY_BODY = YES;
				CLANG_WARN_ENUM_CONVERSION = YES;
				CLANG_WARN_INFINITE_RECURSION = YES;
				CLANG_WARN_INT_CONVERSION = YES;
				CLANG_WARN_NON_LITERAL_NULL_CONVERSION = YES;
				CLANG_WARN_OBJC_IMPLICIT_RETAIN_SELF = YES;
				CLANG_WARN_OBJC_LITERAL_CONVERSION = YES;
				CLANG_WARN_OBJC_ROOT_CLASS = YES_ERROR;
				CLANG_WARN_QUOTED_INCLUDE_IN_FRAMEWORK_HEADER = YES;
				CLANG_WARN_RANGE_LOOP_ANALYSIS = YES;
				CLANG_WARN_STRICT_PROTOTYPES = YES;
				CLANG_WARN_SUSPICIOUS_MOVE = YES;
				CLANG_WARN_UNGUARDED_AVAILABILITY = YES_AGGRESSIVE;
				CLANG_WARN_UNREACHABLE_CODE = YES;
				CLANG_WARN__DUPLICATE_METHOD_MATCH = YES;
				COPY_PHASE_STRIP = NO;
				DEBUG_INFORMATION_FORMAT = dwarf;
				ENABLE_STRICT_OBJC_MSGSEND = YES;
				ENABLE_TESTABILITY = YES;
				GCC_C_LANGUAGE_STANDARD = gnu11;
				GCC_DYNAMIC_NO_PIC = NO;
				GCC_NO_COMMON_BLOCKS = YES;
				GCC_OPTIMIZATION_LEVEL = 0;
				GCC_PREPROCESSOR_DEFINITIONS = (
					"DEBUG=1",
					"$(inherited)",
				);
				GCC_WARN_64_TO_32_BIT_CONVERSION = YES;
				GCC_WARN_ABOUT_RETURN_TYPE = YES_ERROR;
				GCC_WARN_UNDECLARED_SELECTOR = YES;
				GCC_WARN_UNINITIALIZED_AUTOS = YES_AGGRESSIVE;
				GCC_WARN_UNUSED_FUNCTION = YES;
				GCC_WARN_UNUSED_VARIABLE = YES;
				MACOSX_DEPLOYMENT_TARGET = 12.0;
				MTL_ENABLE_DEBUG_INFO = INCLUDE_SOURCE;
				MTL_FAST_MATH = YES;
				ONLY_ACTIVE_ARCH = YES;
				SDKROOT = macosx;
				SWIFT_ACTIVE_COMPILATION_CONDITIONS = DEBUG;
				SWIFT_OPTIMIZATION_LEVEL = "-Onone";
			};
			name = Debug;
		};
		D114B19727E30DF200D671E3 /* Release */ = {
			isa = XCBuildConfiguration;
			buildSettings = {
				ALWAYS_SEARCH_USER_PATHS = NO;
				CLANG_ANALYZER_NONNULL = YES;
				CLANG_ANALYZER_NUMBER_OBJECT_CONVERSION = YES_AGGRESSIVE;
				CLANG_CXX_LANGUAGE_STANDARD = "gnu++17";
				CLANG_ENABLE_MODULES = YES;
				CLANG_ENABLE_OBJC_ARC = YES;
				CLANG_ENABLE_OBJC_WEAK = YES;
				CLANG_WARN_BLOCK_CAPTURE_AUTORELEASING = YES;
				CLANG_WARN_BOOL_CONVERSION = YES;
				CLANG_WARN_COMMA = YES;
				CLANG_WARN_CONSTANT_CONVERSION = YES;
				CLANG_WARN_DEPRECATED_OBJC_IMPLEMENTATIONS = YES;
				CLANG_WARN_DIRECT_OBJC_ISA_USAGE = YES_ERROR;
				CLANG_WARN_DOCUMENTATION_COMMENTS = YES;
				CLANG_WARN_EMPTY_BODY = YES;
				CLANG_WARN_ENUM_CONVERSION = YES;
				CLANG_WARN_INFINITE_RECURSION = YES;
				CLANG_WARN_INT_CONVERSION = YES;
				CLANG_WARN_NON_LITERAL_NULL_CONVERSION = YES;
				CLANG_WARN_OBJC_IMPLICIT_RETAIN_SELF = YES;
				CLANG_WARN_OBJC_LITERAL_CONVERSION = YES;
				CLANG_WARN_OBJC_ROOT_CLASS = YES_ERROR;
				CLANG_WARN_QUOTED_INCLUDE_IN_FRAMEWORK_HEADER = YES;
				CLANG_WARN_RANGE_LOOP_ANALYSIS = YES;
				CLANG_WARN_STRICT_PROTOTYPES = YES;
				CLANG_WARN_SUSPICIOUS_MOVE = YES;
				CLANG_WARN_UNGUARDED_AVAILABILITY = YES_AGGRESSIVE;
				CLANG_WARN_UNREACHABLE_CODE = YES;
				CLANG_WARN__DUPLICATE_METHOD_MATCH = YES;
				COPY_PHASE_STRIP = NO;
				DEBUG_INFORMATION_FORMAT = "dwarf-with-dsym";
				ENABLE_NS_ASSERTIONS = NO;
				ENABLE_STRICT_OBJC_MSGSEND = YES;
				GCC_C_LANGUAGE_STANDARD = gnu11;
				GCC_NO_COMMON_BLOCKS = YES;
				GCC_WARN_64_TO_32_BIT_CONVERSION = YES;
				GCC_WARN_ABOUT_RETURN_TYPE = YES_ERROR;
				GCC_WARN_UNDECLARED_SELECTOR = YES;
				GCC_WARN_UNINITIALIZED_AUTOS = YES_AGGRESSIVE;
				GCC_WARN_UNUSED_FUNCTION = YES;
				GCC_WARN_UNUSED_VARIABLE = YES;
				MACOSX_DEPLOYMENT_TARGET = 12.0;
				MTL_ENABLE_DEBUG_INFO = NO;
				MTL_FAST_MATH = YES;
				SDKROOT = macosx;
				SWIFT_COMPILATION_MODE = wholemodule;
				SWIFT_OPTIMIZATION_LEVEL = "-O";
			};
			name = Release;
		};
		D114B19927E30DF200D671E3 /* Debug */ = {
			isa = XCBuildConfiguration;
			buildSettings = {
				ASSETCATALOG_COMPILER_APPICON_NAME = AppIcon;
				ASSETCATALOG_COMPILER_GLOBAL_ACCENT_COLOR_NAME = AccentColor;
				CODE_SIGN_ENTITLEMENTS = "Toy Robot/Toy_Robot.entitlements";
				CODE_SIGN_STYLE = Automatic;
				COMBINE_HIDPI_IMAGES = YES;
				CURRENT_PROJECT_VERSION = 1;
				DEVELOPMENT_ASSET_PATHS = "";
				DEVELOPMENT_TEAM = E8F6TRKLFF;
				ENABLE_HARDENED_RUNTIME = YES;
				ENABLE_PREVIEWS = YES;
				GENERATE_INFOPLIST_FILE = YES;
				INFOPLIST_KEY_NSHumanReadableCopyright = "";
				LD_RUNPATH_SEARCH_PATHS = (
					"$(inherited)",
					"@executable_path/../Frameworks",
				);
				MARKETING_VERSION = 1.0;
				PRODUCT_BUNDLE_IDENTIFIER = "jordikitto.Toy-Robot";
				PRODUCT_NAME = "$(TARGET_NAME)";
				SWIFT_EMIT_LOC_STRINGS = YES;
				SWIFT_VERSION = 5.0;
			};
			name = Debug;
		};
		D114B19A27E30DF200D671E3 /* Release */ = {
			isa = XCBuildConfiguration;
			buildSettings = {
				ASSETCATALOG_COMPILER_APPICON_NAME = AppIcon;
				ASSETCATALOG_COMPILER_GLOBAL_ACCENT_COLOR_NAME = AccentColor;
				CODE_SIGN_ENTITLEMENTS = "Toy Robot/Toy_Robot.entitlements";
				CODE_SIGN_STYLE = Automatic;
				COMBINE_HIDPI_IMAGES = YES;
				CURRENT_PROJECT_VERSION = 1;
				DEVELOPMENT_ASSET_PATHS = "";
				DEVELOPMENT_TEAM = E8F6TRKLFF;
				ENABLE_HARDENED_RUNTIME = YES;
				ENABLE_PREVIEWS = YES;
				GENERATE_INFOPLIST_FILE = YES;
				INFOPLIST_KEY_NSHumanReadableCopyright = "";
				LD_RUNPATH_SEARCH_PATHS = (
					"$(inherited)",
					"@executable_path/../Frameworks",
				);
				MARKETING_VERSION = 1.0;
				PRODUCT_BUNDLE_IDENTIFIER = "jordikitto.Toy-Robot";
				PRODUCT_NAME = "$(TARGET_NAME)";
				SWIFT_EMIT_LOC_STRINGS = YES;
				SWIFT_VERSION = 5.0;
			};
			name = Release;
		};
		D114B19C27E30DF200D671E3 /* Debug */ = {
			isa = XCBuildConfiguration;
			buildSettings = {
				ALWAYS_EMBED_SWIFT_STANDARD_LIBRARIES = YES;
				BUNDLE_LOADER = "$(TEST_HOST)";
				CODE_SIGN_STYLE = Automatic;
				CURRENT_PROJECT_VERSION = 1;
				DEVELOPMENT_TEAM = E8F6TRKLFF;
				GENERATE_INFOPLIST_FILE = YES;
				MACOSX_DEPLOYMENT_TARGET = 12.3;
				MARKETING_VERSION = 1.0;
				PRODUCT_BUNDLE_IDENTIFIER = "jordikitto.Toy-RobotTests";
				PRODUCT_NAME = "$(TARGET_NAME)";
				SWIFT_EMIT_LOC_STRINGS = NO;
				SWIFT_VERSION = 5.0;
				TEST_HOST = "$(BUILT_PRODUCTS_DIR)/Toy Robot.app/Contents/MacOS/Toy Robot";
			};
			name = Debug;
		};
		D114B19D27E30DF200D671E3 /* Release */ = {
			isa = XCBuildConfiguration;
			buildSettings = {
				ALWAYS_EMBED_SWIFT_STANDARD_LIBRARIES = YES;
				BUNDLE_LOADER = "$(TEST_HOST)";
				CODE_SIGN_STYLE = Automatic;
				CURRENT_PROJECT_VERSION = 1;
				DEVELOPMENT_TEAM = E8F6TRKLFF;
				GENERATE_INFOPLIST_FILE = YES;
				MACOSX_DEPLOYMENT_TARGET = 12.3;
				MARKETING_VERSION = 1.0;
				PRODUCT_BUNDLE_IDENTIFIER = "jordikitto.Toy-RobotTests";
				PRODUCT_NAME = "$(TARGET_NAME)";
				SWIFT_EMIT_LOC_STRINGS = NO;
				SWIFT_VERSION = 5.0;
				TEST_HOST = "$(BUILT_PRODUCTS_DIR)/Toy Robot.app/Contents/MacOS/Toy Robot";
			};
			name = Release;
		};
/* End XCBuildConfiguration section */

/* Begin XCConfigurationList section */
		D114B16E27E30DEE00D671E3 /* Build configuration list for PBXProject "Toy Robot" */ = {
			isa = XCConfigurationList;
			buildConfigurations = (
				D114B19627E30DF200D671E3 /* Debug */,
				D114B19727E30DF200D671E3 /* Release */,
			);
			defaultConfigurationIsVisible = 0;
			defaultConfigurationName = Release;
		};
		D114B19827E30DF200D671E3 /* Build configuration list for PBXNativeTarget "Toy Robot" */ = {
			isa = XCConfigurationList;
			buildConfigurations = (
				D114B19927E30DF200D671E3 /* Debug */,
				D114B19A27E30DF200D671E3 /* Release */,
			);
			defaultConfigurationIsVisible = 0;
			defaultConfigurationName = Release;
		};
		D114B19B27E30DF200D671E3 /* Build configuration list for PBXNativeTarget "Toy RobotTests" */ = {
			isa = XCConfigurationList;
			buildConfigurations = (
				D114B19C27E30DF200D671E3 /* Debug */,
				D114B19D27E30DF200D671E3 /* Release */,
			);
			defaultConfigurationIsVisible = 0;
			defaultConfigurationName = Release;
		};
/* End XCConfigurationList section */
	};
	rootObject = D114B16B27E30DEE00D671E3 /* Project object */;
}
